// !$*UTF8*$!
{
	archiveVersion = 1;
	classes = {
	};
	objectVersion = 50;
	objects = {

/* Begin PBXBuildFile section */
		229BE0F5225DC2D100BA640C /* AppDelegate.swift in Sources */ = {isa = PBXBuildFile; fileRef = 229BE0F4225DC2D100BA640C /* AppDelegate.swift */; };
		229BE0F7225DC2D100BA640C /* ViewController.swift in Sources */ = {isa = PBXBuildFile; fileRef = 229BE0F6225DC2D100BA640C /* ViewController.swift */; };
		229BE0F9225DC2D200BA640C /* Assets.xcassets in Resources */ = {isa = PBXBuildFile; fileRef = 229BE0F8225DC2D200BA640C /* Assets.xcassets */; };
		229BE0FC225DC2D200BA640C /* Main.storyboard in Resources */ = {isa = PBXBuildFile; fileRef = 229BE0FA225DC2D200BA640C /* Main.storyboard */; };
		229BE105225DC2EB00BA640C /* CIBilateralFilter.metal in Sources */ = {isa = PBXBuildFile; fileRef = 229BE104225DC2EB00BA640C /* CIBilateralFilter.metal */; };
		229BE109225DE62D00BA640C /* BilateralFilterImageProcessor.swift in Sources */ = {isa = PBXBuildFile; fileRef = 229BE108225DE62D00BA640C /* BilateralFilterImageProcessor.swift */; };
/* End PBXBuildFile section */

/* Begin PBXFileReference section */
		229BE0F1225DC2D100BA640C /* GreatWhenItWorks.app */ = {isa = PBXFileReference; explicitFileType = wrapper.application; includeInIndex = 0; path = GreatWhenItWorks.app; sourceTree = BUILT_PRODUCTS_DIR; };
		229BE0F4225DC2D100BA640C /* AppDelegate.swift */ = {isa = PBXFileReference; lastKnownFileType = sourcecode.swift; path = AppDelegate.swift; sourceTree = "<group>"; };
		229BE0F6225DC2D100BA640C /* ViewController.swift */ = {isa = PBXFileReference; lastKnownFileType = sourcecode.swift; path = ViewController.swift; sourceTree = "<group>"; };
		229BE0F8225DC2D200BA640C /* Assets.xcassets */ = {isa = PBXFileReference; lastKnownFileType = folder.assetcatalog; path = Assets.xcassets; sourceTree = "<group>"; };
		229BE0FB225DC2D200BA640C /* Base */ = {isa = PBXFileReference; lastKnownFileType = file.storyboard; name = Base; path = Base.lproj/Main.storyboard; sourceTree = "<group>"; };
		229BE0FD225DC2D200BA640C /* Info.plist */ = {isa = PBXFileReference; lastKnownFileType = text.plist.xml; path = Info.plist; sourceTree = "<group>"; };
		229BE0FE225DC2D200BA640C /* GreatWhenItWorks.entitlements */ = {isa = PBXFileReference; lastKnownFileType = text.plist.entitlements; path = GreatWhenItWorks.entitlements; sourceTree = "<group>"; };
		229BE104225DC2EB00BA640C /* CIBilateralFilter.metal */ = {isa = PBXFileReference; lastKnownFileType = sourcecode.metal; path = CIBilateralFilter.metal; sourceTree = "<group>"; };
		229BE108225DE62D00BA640C /* BilateralFilterImageProcessor.swift */ = {isa = PBXFileReference; lastKnownFileType = sourcecode.swift; path = BilateralFilterImageProcessor.swift; sourceTree = "<group>"; };
/* End PBXFileReference section */

/* Begin PBXFrameworksBuildPhase section */
		229BE0EE225DC2D100BA640C /* Frameworks */ = {
			isa = PBXFrameworksBuildPhase;
			buildActionMask = 2147483647;
			files = (
			);
			runOnlyForDeploymentPostprocessing = 0;
		};
/* End PBXFrameworksBuildPhase section */

/* Begin PBXGroup section */
		229BE0E8225DC2D100BA640C = {
			isa = PBXGroup;
			children = (
				229BE0F3225DC2D100BA640C /* GreatWhenItWorks */,
				229BE0F2225DC2D100BA640C /* Products */,
			);
			sourceTree = "<group>";
		};
		229BE0F2225DC2D100BA640C /* Products */ = {
			isa = PBXGroup;
			children = (
				229BE0F1225DC2D100BA640C /* GreatWhenItWorks.app */,
			);
			name = Products;
			sourceTree = "<group>";
		};
		229BE0F3225DC2D100BA640C /* GreatWhenItWorks */ = {
			isa = PBXGroup;
			children = (
				22FD7795225F1A2800D0C2E1 /* Guff */,
				22FD7797225F1A3D00D0C2E1 /* Controllers */,
				22FD7796225F1A3600D0C2E1 /* View */,
				22FD7798225F1A9000D0C2E1 /* Filters */,
			);
			path = GreatWhenItWorks;
			sourceTree = "<group>";
		};
		22FD7795225F1A2800D0C2E1 /* Guff */ = {
			isa = PBXGroup;
			children = (
				229BE0FE225DC2D200BA640C /* GreatWhenItWorks.entitlements */,
				229BE0FD225DC2D200BA640C /* Info.plist */,
				229BE0F8225DC2D200BA640C /* Assets.xcassets */,
				229BE0F4225DC2D100BA640C /* AppDelegate.swift */,
			);
			path = Guff;
			sourceTree = "<group>";
		};
		22FD7796225F1A3600D0C2E1 /* View */ = {
			isa = PBXGroup;
			children = (
				229BE0FA225DC2D200BA640C /* Main.storyboard */,
			);
			path = View;
			sourceTree = "<group>";
		};
		22FD7797225F1A3D00D0C2E1 /* Controllers */ = {
			isa = PBXGroup;
			children = (
				229BE0F6225DC2D100BA640C /* ViewController.swift */,
			);
			path = Controllers;
			sourceTree = "<group>";
		};
		22FD7798225F1A9000D0C2E1 /* Filters */ = {
			isa = PBXGroup;
			children = (
				229BE104225DC2EB00BA640C /* CIBilateralFilter.metal */,
				229BE108225DE62D00BA640C /* BilateralFilterImageProcessor.swift */,
			);
			path = Filters;
			sourceTree = "<group>";
		};
/* End PBXGroup section */

/* Begin PBXNativeTarget section */
		229BE0F0225DC2D100BA640C /* GreatWhenItWorks */ = {
			isa = PBXNativeTarget;
			buildConfigurationList = 229BE101225DC2D200BA640C /* Build configuration list for PBXNativeTarget "GreatWhenItWorks" */;
			buildPhases = (
				229BE0ED225DC2D100BA640C /* Sources */,
				229BE0EE225DC2D100BA640C /* Frameworks */,
				229BE0EF225DC2D100BA640C /* Resources */,
			);
			buildRules = (
			);
			dependencies = (
			);
			name = GreatWhenItWorks;
			productName = CoreImage;
			productReference = 229BE0F1225DC2D100BA640C /* GreatWhenItWorks.app */;
			productType = "com.apple.product-type.application";
		};
/* End PBXNativeTarget section */

/* Begin PBXProject section */
		229BE0E9225DC2D100BA640C /* Project object */ = {
			isa = PBXProject;
			attributes = {
				LastSwiftUpdateCheck = 1020;
				LastUpgradeCheck = 1020;
				ORGANIZATIONNAME = "Razeware LLC";
				TargetAttributes = {
					229BE0F0225DC2D100BA640C = {
						CreatedOnToolsVersion = 10.2;
					};
				};
			};
			buildConfigurationList = 229BE0EC225DC2D100BA640C /* Build configuration list for PBXProject "GreatWhenItWorks" */;
			compatibilityVersion = "Xcode 9.3";
			developmentRegion = en;
			hasScannedForEncodings = 0;
			knownRegions = (
				en,
				Base,
			);
			mainGroup = 229BE0E8225DC2D100BA640C;
			productRefGroup = 229BE0F2225DC2D100BA640C /* Products */;
			projectDirPath = "";
			projectRoot = "";
			targets = (
				229BE0F0225DC2D100BA640C /* GreatWhenItWorks */,
			);
		};
/* End PBXProject section */

/* Begin PBXResourcesBuildPhase section */
		229BE0EF225DC2D100BA640C /* Resources */ = {
			isa = PBXResourcesBuildPhase;
			buildActionMask = 2147483647;
			files = (
				229BE0F9225DC2D200BA640C /* Assets.xcassets in Resources */,
				229BE0FC225DC2D200BA640C /* Main.storyboard in Resources */,
			);
			runOnlyForDeploymentPostprocessing = 0;
		};
/* End PBXResourcesBuildPhase section */

/* Begin PBXSourcesBuildPhase section */
		229BE0ED225DC2D100BA640C /* Sources */ = {
			isa = PBXSourcesBuildPhase;
			buildActionMask = 2147483647;
			files = (
				229BE105225DC2EB00BA640C /* CIBilateralFilter.metal in Sources */,
				229BE0F7225DC2D100BA640C /* ViewController.swift in Sources */,
				229BE0F5225DC2D100BA640C /* AppDelegate.swift in Sources */,
				229BE109225DE62D00BA640C /* BilateralFilterImageProcessor.swift in Sources */,
			);
			runOnlyForDeploymentPostprocessing = 0;
		};
/* End PBXSourcesBuildPhase section */

/* Begin PBXVariantGroup section */
		229BE0FA225DC2D200BA640C /* Main.storyboard */ = {
			isa = PBXVariantGroup;
			children = (
				229BE0FB225DC2D200BA640C /* Base */,
			);
			name = Main.storyboard;
			sourceTree = "<group>";
		};
/* End PBXVariantGroup section */

/* Begin XCBuildConfiguration section */
		229BE0FF225DC2D200BA640C /* Debug */ = {
			isa = XCBuildConfiguration;
			buildSettings = {
				ALWAYS_SEARCH_USER_PATHS = NO;
				CLANG_ANALYZER_NONNULL = YES;
				CLANG_ANALYZER_NUMBER_OBJECT_CONVERSION = YES_AGGRESSIVE;
				CLANG_CXX_LANGUAGE_STANDARD = "gnu++14";
				CLANG_CXX_LIBRARY = "libc++";
				CLANG_ENABLE_MODULES = YES;
				CLANG_ENABLE_OBJC_ARC = YES;
				CLANG_ENABLE_OBJC_WEAK = YES;
				CLANG_WARN_BLOCK_CAPTURE_AUTORELEASING = YES;
				CLANG_WARN_BOOL_CONVERSION = YES;
				CLANG_WARN_COMMA = YES;
				CLANG_WARN_CONSTANT_CONVERSION = YES;
				CLANG_WARN_DEPRECATED_OBJC_IMPLEMENTATIONS = YES;
				CLANG_WARN_DIRECT_OBJC_ISA_USAGE = YES_ERROR;
				CLANG_WARN_DOCUMENTATION_COMMENTS = YES;
				CLANG_WARN_EMPTY_BODY = YES;
				CLANG_WARN_ENUM_CONVERSION = YES;
				CLANG_WARN_INFINITE_RECURSION = YES;
				CLANG_WARN_INT_CONVERSION = YES;
				CLANG_WARN_NON_LITERAL_NULL_CONVERSION = YES;
				CLANG_WARN_OBJC_IMPLICIT_RETAIN_SELF = YES;
				CLANG_WARN_OBJC_LITERAL_CONVERSION = YES;
				CLANG_WARN_OBJC_ROOT_CLASS = YES_ERROR;
				CLANG_WARN_RANGE_LOOP_ANALYSIS = YES;
				CLANG_WARN_STRICT_PROTOTYPES = YES;
				CLANG_WARN_SUSPICIOUS_MOVE = YES;
				CLANG_WARN_UNGUARDED_AVAILABILITY = YES_AGGRESSIVE;
				CLANG_WARN_UNREACHABLE_CODE = YES;
				CLANG_WARN__DUPLICATE_METHOD_MATCH = YES;
				CODE_SIGN_IDENTITY = "-";
				COPY_PHASE_STRIP = NO;
				DEBUG_INFORMATION_FORMAT = dwarf;
				ENABLE_STRICT_OBJC_MSGSEND = YES;
				ENABLE_TESTABILITY = YES;
				GCC_C_LANGUAGE_STANDARD = gnu11;
				GCC_DYNAMIC_NO_PIC = NO;
				GCC_NO_COMMON_BLOCKS = YES;
				GCC_OPTIMIZATION_LEVEL = 0;
				GCC_PREPROCESSOR_DEFINITIONS = (
					"DEBUG=1",
					"$(inherited)",
				);
				GCC_WARN_64_TO_32_BIT_CONVERSION = YES;
				GCC_WARN_ABOUT_RETURN_TYPE = YES_ERROR;
				GCC_WARN_UNDECLARED_SELECTOR = YES;
				GCC_WARN_UNINITIALIZED_AUTOS = YES_AGGRESSIVE;
				GCC_WARN_UNUSED_FUNCTION = YES;
				GCC_WARN_UNUSED_VARIABLE = YES;
				MACOSX_DEPLOYMENT_TARGET = 10.14;
				MTL_ENABLE_DEBUG_INFO = INCLUDE_SOURCE;
				MTL_FAST_MATH = YES;
				ONLY_ACTIVE_ARCH = YES;
				SDKROOT = macosx;
				SWIFT_ACTIVE_COMPILATION_CONDITIONS = DEBUG;
				SWIFT_OPTIMIZATION_LEVEL = "-Onone";
			};
			name = Debug;
		};
		229BE100225DC2D200BA640C /* Release */ = {
			isa = XCBuildConfiguration;
			buildSettings = {
				ALWAYS_SEARCH_USER_PATHS = NO;
				CLANG_ANALYZER_NONNULL = YES;
				CLANG_ANALYZER_NUMBER_OBJECT_CONVERSION = YES_AGGRESSIVE;
				CLANG_CXX_LANGUAGE_STANDARD = "gnu++14";
				CLANG_CXX_LIBRARY = "libc++";
				CLANG_ENABLE_MODULES = YES;
				CLANG_ENABLE_OBJC_ARC = YES;
				CLANG_ENABLE_OBJC_WEAK = YES;
				CLANG_WARN_BLOCK_CAPTURE_AUTORELEASING = YES;
				CLANG_WARN_BOOL_CONVERSION = YES;
				CLANG_WARN_COMMA = YES;
				CLANG_WARN_CONSTANT_CONVERSION = YES;
				CLANG_WARN_DEPRECATED_OBJC_IMPLEMENTATIONS = YES;
				CLANG_WARN_DIRECT_OBJC_ISA_USAGE = YES_ERROR;
				CLANG_WARN_DOCUMENTATION_COMMENTS = YES;
				CLANG_WARN_EMPTY_BODY = YES;
				CLANG_WARN_ENUM_CONVERSION = YES;
				CLANG_WARN_INFINITE_RECURSION = YES;
				CLANG_WARN_INT_CONVERSION = YES;
				CLANG_WARN_NON_LITERAL_NULL_CONVERSION = YES;
				CLANG_WARN_OBJC_IMPLICIT_RETAIN_SELF = YES;
				CLANG_WARN_OBJC_LITERAL_CONVERSION = YES;
				CLANG_WARN_OBJC_ROOT_CLASS = YES_ERROR;
				CLANG_WARN_RANGE_LOOP_ANALYSIS = YES;
				CLANG_WARN_STRICT_PROTOTYPES = YES;
				CLANG_WARN_SUSPICIOUS_MOVE = YES;
				CLANG_WARN_UNGUARDED_AVAILABILITY = YES_AGGRESSIVE;
				CLANG_WARN_UNREACHABLE_CODE = YES;
				CLANG_WARN__DUPLICATE_METHOD_MATCH = YES;
				CODE_SIGN_IDENTITY = "-";
				COPY_PHASE_STRIP = NO;
				DEBUG_INFORMATION_FORMAT = "dwarf-with-dsym";
				ENABLE_NS_ASSERTIONS = NO;
				ENABLE_STRICT_OBJC_MSGSEND = YES;
				GCC_C_LANGUAGE_STANDARD = gnu11;
				GCC_NO_COMMON_BLOCKS = YES;
				GCC_WARN_64_TO_32_BIT_CONVERSION = YES;
				GCC_WARN_ABOUT_RETURN_TYPE = YES_ERROR;
				GCC_WARN_UNDECLARED_SELECTOR = YES;
				GCC_WARN_UNINITIALIZED_AUTOS = YES_AGGRESSIVE;
				GCC_WARN_UNUSED_FUNCTION = YES;
				GCC_WARN_UNUSED_VARIABLE = YES;
				MACOSX_DEPLOYMENT_TARGET = 10.14;
				MTL_ENABLE_DEBUG_INFO = NO;
				MTL_FAST_MATH = YES;
				SDKROOT = macosx;
				SWIFT_COMPILATION_MODE = wholemodule;
				SWIFT_OPTIMIZATION_LEVEL = "-O";
			};
			name = Release;
		};
		229BE102225DC2D200BA640C /* Debug */ = {
			isa = XCBuildConfiguration;
			buildSettings = {
				ASSETCATALOG_COMPILER_APPICON_NAME = AppIcon;
				CODE_SIGN_ENTITLEMENTS = CoreImage/CoreImage.entitlements;
				CODE_SIGN_STYLE = Automatic;
				COMBINE_HIDPI_IMAGES = YES;
				INFOPLIST_FILE = "$(SRCROOT)/GreatWhenItWorks/Guff/Info.plist";
				LD_RUNPATH_SEARCH_PATHS = (
					"$(inherited)",
					"@executable_path/../Frameworks",
				);
				MTLLINKER_FLAGS = "-cikernel";
				MTL_COMPILER_FLAGS = "-fcikernel";
				PRODUCT_BUNDLE_IDENTIFIER = com.razeware.GreatWhenItWorks;
				PRODUCT_NAME = "$(TARGET_NAME)";
				SWIFT_VERSION = 5.0;
			};
			name = Debug;
		};
		229BE103225DC2D200BA640C /* Release */ = {
			isa = XCBuildConfiguration;
			buildSettings = {
				ASSETCATALOG_COMPILER_APPICON_NAME = AppIcon;
				CODE_SIGN_ENTITLEMENTS = CoreImage/CoreImage.entitlements;
				CODE_SIGN_STYLE = Automatic;
				COMBINE_HIDPI_IMAGES = YES;
				INFOPLIST_FILE = "$(SRCROOT)/GreatWhenItWorks/Guff/Info.plist";
				LD_RUNPATH_SEARCH_PATHS = (
					"$(inherited)",
					"@executable_path/../Frameworks",
				);
				MTLLINKER_FLAGS = "-cikernel";
				MTL_COMPILER_FLAGS = "-fcikernel";
				PRODUCT_BUNDLE_IDENTIFIER = com.razeware.GreatWhenItWorks;
				PRODUCT_NAME = "$(TARGET_NAME)";
				SWIFT_VERSION = 5.0;
			};
			name = Release;
		};
/* End XCBuildConfiguration section */

/* Begin XCConfigurationList section */
		229BE0EC225DC2D100BA640C /* Build configuration list for PBXProject "GreatWhenItWorks" */ = {
			isa = XCConfigurationList;
			buildConfigurations = (
				229BE0FF225DC2D200BA640C /* Debug */,
				229BE100225DC2D200BA640C /* Release */,
			);
			defaultConfigurationIsVisible = 0;
			defaultConfigurationName = Release;
		};
		229BE101225DC2D200BA640C /* Build configuration list for PBXNativeTarget "GreatWhenItWorks" */ = {
			isa = XCConfigurationList;
			buildConfigurations = (
				229BE102225DC2D200BA640C /* Debug */,
				229BE103225DC2D200BA640C /* Release */,
			);
			defaultConfigurationIsVisible = 0;
			defaultConfigurationName = Release;
		};
/* End XCConfigurationList section */
	};
	rootObject = 229BE0E9225DC2D100BA640C /* Project object */;
}
